
Microsoft Visual Studio Solution File, Format Version 12.00
# Visual Studio Version 17
VisualStudioVersion = 17.9.34622.214
MinimumVisualStudioVersion = 10.0.40219.1
Project("{9A19103F-16F7-4668-BE54-9A1E7A4F7556}") = "DirectoryOfPeople", "DirectoryOfPeople\DirectoryOfPeople.csproj", "{D9FD09C3-5F8E-469D-BD2A-34DB21B00AC5}"
EndProject
Project("{2150E333-8FDC-42A3-9474-1A3956D46DE8}") = "Aggregations", "Aggregations", "{970475FE-BC9B-4EA4-A735-2929A649DD2F}"
EndProject
Project("{2150E333-8FDC-42A3-9474-1A3956D46DE8}") = "Application", "Application", "{18164FCB-BE9B-48F4-8336-48A31EEE181A}"
EndProject
Project("{2150E333-8FDC-42A3-9474-1A3956D46DE8}") = "AutoMapper", "AutoMapper", "{21562A1E-D291-429F-AB32-C1DC0A3CE16B}"
EndProject
Project("{2150E333-8FDC-42A3-9474-1A3956D46DE8}") = "Infrastructure", "Infrastructure", "{3EC5724A-174C-4926-902C-B0C0F457BC11}"
EndProject
Project("{2150E333-8FDC-42A3-9474-1A3956D46DE8}") = "UnitTest", "UnitTest", "{AA5FC16D-3D0A-4603-B130-159A21651588}"
EndProject
Project("{9A19103F-16F7-4668-BE54-9A1E7A4F7556}") = "DirectoryOfPeople.DTO", "DirectoryOfPeople.DTO\DirectoryOfPeople.DTO.csproj", "{1DCED663-391B-4329-ACD9-AD855FC3155C}"
EndProject
Project("{9A19103F-16F7-4668-BE54-9A1E7A4F7556}") = "DirectoryOfPeople.Repository", "DirectoryOfPeople.Repository\DirectoryOfPeople.Repository.csproj", "{009025C7-C4FB-4A7A-A24B-266BABD30747}"
EndProject
Project("{9A19103F-16F7-4668-BE54-9A1E7A4F7556}") = "DirectoryOfPeopel.Service", "DirectoryOfPeopel.Service\DirectoryOfPeopel.Service.csproj", "{20B85E5A-4E38-4342-A347-C37399FD8ACD}"
EndProject
Project("{9A19103F-16F7-4668-BE54-9A1E7A4F7556}") = "DirectoryOfPeopel.Validation", "DirectoryOfPeopel.Validation\DirectoryOfPeopel.Validation.csproj", "{60AC66DE-5D99-45E5-A16E-AAD7D7E8C59B}"
EndProject
Project("{9A19103F-16F7-4668-BE54-9A1E7A4F7556}") = "DirectoryOfPeople.Model", "DirectoryOfPeople.Model\DirectoryOfPeople.Model.csproj", "{C6233FA3-5951-4B72-96D6-BEB56A699716}"
EndProject
Project("{9A19103F-16F7-4668-BE54-9A1E7A4F7556}") = "TestProject", "TestProject\TestProject.csproj", "{B7B1484F-4DF8-4B2A-992F-EC62CAACE47D}"
EndProject
Project("{FAE04EC0-301F-11D3-BF4B-00C04F79EFBC}") = "DirectoryOfPeople.Maping", "DirectoryOfPeople.Maping\DirectoryOfPeople.Maping.csproj", "{4454EAD1-3BAD-44D5-AF0B-2942DF5633DA}"
EndProject
Global
	GlobalSection(SolutionConfigurationPlatforms) = preSolution
		Debug|Any CPU = Debug|Any CPU
		Debug|ARM = Debug|ARM
		Debug|ARM64 = Debug|ARM64
		Debug|x64 = Debug|x64
		Debug|x86 = Debug|x86
		Release|Any CPU = Release|Any CPU
		Release|ARM = Release|ARM
		Release|ARM64 = Release|ARM64
		Release|x64 = Release|x64
		Release|x86 = Release|x86
	EndGlobalSection
	GlobalSection(ProjectConfigurationPlatforms) = postSolution
		{D9FD09C3-5F8E-469D-BD2A-34DB21B00AC5}.Debug|Any CPU.ActiveCfg = Debug|Any CPU
		{D9FD09C3-5F8E-469D-BD2A-34DB21B00AC5}.Debug|Any CPU.Build.0 = Debug|Any CPU
		{D9FD09C3-5F8E-469D-BD2A-34DB21B00AC5}.Debug|ARM.ActiveCfg = Debug|Any CPU
		{D9FD09C3-5F8E-469D-BD2A-34DB21B00AC5}.Debug|ARM.Build.0 = Debug|Any CPU
		{D9FD09C3-5F8E-469D-BD2A-34DB21B00AC5}.Debug|ARM64.ActiveCfg = Debug|Any CPU
		{D9FD09C3-5F8E-469D-BD2A-34DB21B00AC5}.Debug|ARM64.Build.0 = Debug|Any CPU
		{D9FD09C3-5F8E-469D-BD2A-34DB21B00AC5}.Debug|x64.ActiveCfg = Debug|Any CPU
		{D9FD09C3-5F8E-469D-BD2A-34DB21B00AC5}.Debug|x64.Build.0 = Debug|Any CPU
		{D9FD09C3-5F8E-469D-BD2A-34DB21B00AC5}.Debug|x86.ActiveCfg = Debug|Any CPU
		{D9FD09C3-5F8E-469D-BD2A-34DB21B00AC5}.Debug|x86.Build.0 = Debug|Any CPU
		{D9FD09C3-5F8E-469D-BD2A-34DB21B00AC5}.Release|Any CPU.ActiveCfg = Release|Any CPU
		{D9FD09C3-5F8E-469D-BD2A-34DB21B00AC5}.Release|Any CPU.Build.0 = Release|Any CPU
		{D9FD09C3-5F8E-469D-BD2A-34DB21B00AC5}.Release|ARM.ActiveCfg = Release|Any CPU
		{D9FD09C3-5F8E-469D-BD2A-34DB21B00AC5}.Release|ARM.Build.0 = Release|Any CPU
		{D9FD09C3-5F8E-469D-BD2A-34DB21B00AC5}.Release|ARM64.ActiveCfg = Release|Any CPU
		{D9FD09C3-5F8E-469D-BD2A-34DB21B00AC5}.Release|ARM64.Build.0 = Release|Any CPU
		{D9FD09C3-5F8E-469D-BD2A-34DB21B00AC5}.Release|x64.ActiveCfg = Release|Any CPU
		{D9FD09C3-5F8E-469D-BD2A-34DB21B00AC5}.Release|x64.Build.0 = Release|Any CPU
		{D9FD09C3-5F8E-469D-BD2A-34DB21B00AC5}.Release|x86.ActiveCfg = Release|Any CPU
		{D9FD09C3-5F8E-469D-BD2A-34DB21B00AC5}.Release|x86.Build.0 = Release|Any CPU
		{1DCED663-391B-4329-ACD9-AD855FC3155C}.Debug|Any CPU.ActiveCfg = Debug|Any CPU
		{1DCED663-391B-4329-ACD9-AD855FC3155C}.Debug|Any CPU.Build.0 = Debug|Any CPU
		{1DCED663-391B-4329-ACD9-AD855FC3155C}.Debug|ARM.ActiveCfg = Debug|Any CPU
		{1DCED663-391B-4329-ACD9-AD855FC3155C}.Debug|ARM.Build.0 = Debug|Any CPU
		{1DCED663-391B-4329-ACD9-AD855FC3155C}.Debug|ARM64.ActiveCfg = Debug|Any CPU
		{1DCED663-391B-4329-ACD9-AD855FC3155C}.Debug|ARM64.Build.0 = Debug|Any CPU
		{1DCED663-391B-4329-ACD9-AD855FC3155C}.Debug|x64.ActiveCfg = Debug|Any CPU
		{1DCED663-391B-4329-ACD9-AD855FC3155C}.Debug|x64.Build.0 = Debug|Any CPU
		{1DCED663-391B-4329-ACD9-AD855FC3155C}.Debug|x86.ActiveCfg = Debug|Any CPU
		{1DCED663-391B-4329-ACD9-AD855FC3155C}.Debug|x86.Build.0 = Debug|Any CPU
		{1DCED663-391B-4329-ACD9-AD855FC3155C}.Release|Any CPU.ActiveCfg = Release|Any CPU
		{1DCED663-391B-4329-ACD9-AD855FC3155C}.Release|Any CPU.Build.0 = Release|Any CPU
		{1DCED663-391B-4329-ACD9-AD855FC3155C}.Release|ARM.ActiveCfg = Release|Any CPU
		{1DCED663-391B-4329-ACD9-AD855FC3155C}.Release|ARM.Build.0 = Release|Any CPU
		{1DCED663-391B-4329-ACD9-AD855FC3155C}.Release|ARM64.ActiveCfg = Release|Any CPU
		{1DCED663-391B-4329-ACD9-AD855FC3155C}.Release|ARM64.Build.0 = Release|Any CPU
		{1DCED663-391B-4329-ACD9-AD855FC3155C}.Release|x64.ActiveCfg = Release|Any CPU
		{1DCED663-391B-4329-ACD9-AD855FC3155C}.Release|x64.Build.0 = Release|Any CPU
		{1DCED663-391B-4329-ACD9-AD855FC3155C}.Release|x86.ActiveCfg = Release|Any CPU
		{1DCED663-391B-4329-ACD9-AD855FC3155C}.Release|x86.Build.0 = Release|Any CPU
		{009025C7-C4FB-4A7A-A24B-266BABD30747}.Debug|Any CPU.ActiveCfg = Debug|Any CPU
		{009025C7-C4FB-4A7A-A24B-266BABD30747}.Debug|Any CPU.Build.0 = Debug|Any CPU
		{009025C7-C4FB-4A7A-A24B-266BABD30747}.Debug|ARM.ActiveCfg = Debug|Any CPU
		{009025C7-C4FB-4A7A-A24B-266BABD30747}.Debug|ARM.Build.0 = Debug|Any CPU
		{009025C7-C4FB-4A7A-A24B-266BABD30747}.Debug|ARM64.ActiveCfg = Debug|Any CPU
		{009025C7-C4FB-4A7A-A24B-266BABD30747}.Debug|ARM64.Build.0 = Debug|Any CPU
		{009025C7-C4FB-4A7A-A24B-266BABD30747}.Debug|x64.ActiveCfg = Debug|Any CPU
		{009025C7-C4FB-4A7A-A24B-266BABD30747}.Debug|x64.Build.0 = Debug|Any CPU
		{009025C7-C4FB-4A7A-A24B-266BABD30747}.Debug|x86.ActiveCfg = Debug|Any CPU
		{009025C7-C4FB-4A7A-A24B-266BABD30747}.Debug|x86.Build.0 = Debug|Any CPU
		{009025C7-C4FB-4A7A-A24B-266BABD30747}.Release|Any CPU.ActiveCfg = Release|Any CPU
		{009025C7-C4FB-4A7A-A24B-266BABD30747}.Release|Any CPU.Build.0 = Release|Any CPU
		{009025C7-C4FB-4A7A-A24B-266BABD30747}.Release|ARM.ActiveCfg = Release|Any CPU
		{009025C7-C4FB-4A7A-A24B-266BABD30747}.Release|ARM.Build.0 = Release|Any CPU
		{009025C7-C4FB-4A7A-A24B-266BABD30747}.Release|ARM64.ActiveCfg = Release|Any CPU
		{009025C7-C4FB-4A7A-A24B-266BABD30747}.Release|ARM64.Build.0 = Release|Any CPU
		{009025C7-C4FB-4A7A-A24B-266BABD30747}.Release|x64.ActiveCfg = Release|Any CPU
		{009025C7-C4FB-4A7A-A24B-266BABD30747}.Release|x64.Build.0 = Release|Any CPU
		{009025C7-C4FB-4A7A-A24B-266BABD30747}.Release|x86.ActiveCfg = Release|Any CPU
		{009025C7-C4FB-4A7A-A24B-266BABD30747}.Release|x86.Build.0 = Release|Any CPU
		{20B85E5A-4E38-4342-A347-C37399FD8ACD}.Debug|Any CPU.ActiveCfg = Debug|Any CPU
		{20B85E5A-4E38-4342-A347-C37399FD8ACD}.Debug|Any CPU.Build.0 = Debug|Any CPU
		{20B85E5A-4E38-4342-A347-C37399FD8ACD}.Debug|ARM.ActiveCfg = Debug|Any CPU
		{20B85E5A-4E38-4342-A347-C37399FD8ACD}.Debug|ARM.Build.0 = Debug|Any CPU
		{20B85E5A-4E38-4342-A347-C37399FD8ACD}.Debug|ARM64.ActiveCfg = Debug|Any CPU
		{20B85E5A-4E38-4342-A347-C37399FD8ACD}.Debug|ARM64.Build.0 = Debug|Any CPU
		{20B85E5A-4E38-4342-A347-C37399FD8ACD}.Debug|x64.ActiveCfg = Debug|Any CPU
		{20B85E5A-4E38-4342-A347-C37399FD8ACD}.Debug|x64.Build.0 = Debug|Any CPU
		{20B85E5A-4E38-4342-A347-C37399FD8ACD}.Debug|x86.ActiveCfg = Debug|Any CPU
		{20B85E5A-4E38-4342-A347-C37399FD8ACD}.Debug|x86.Build.0 = Debug|Any CPU
		{20B85E5A-4E38-4342-A347-C37399FD8ACD}.Release|Any CPU.ActiveCfg = Release|Any CPU
		{20B85E5A-4E38-4342-A347-C37399FD8ACD}.Release|Any CPU.Build.0 = Release|Any CPU
		{20B85E5A-4E38-4342-A347-C37399FD8ACD}.Release|ARM.ActiveCfg = Release|Any CPU
		{20B85E5A-4E38-4342-A347-C37399FD8ACD}.Release|ARM.Build.0 = Release|Any CPU
		{20B85E5A-4E38-4342-A347-C37399FD8ACD}.Release|ARM64.ActiveCfg = Release|Any CPU
		{20B85E5A-4E38-4342-A347-C37399FD8ACD}.Release|ARM64.Build.0 = Release|Any CPU
		{20B85E5A-4E38-4342-A347-C37399FD8ACD}.Release|x64.ActiveCfg = Release|Any CPU
		{20B85E5A-4E38-4342-A347-C37399FD8ACD}.Release|x64.Build.0 = Release|Any CPU
		{20B85E5A-4E38-4342-A347-C37399FD8ACD}.Release|x86.ActiveCfg = Release|Any CPU
		{20B85E5A-4E38-4342-A347-C37399FD8ACD}.Release|x86.Build.0 = Release|Any CPU
		{60AC66DE-5D99-45E5-A16E-AAD7D7E8C59B}.Debug|Any CPU.ActiveCfg = Debug|Any CPU
		{60AC66DE-5D99-45E5-A16E-AAD7D7E8C59B}.Debug|Any CPU.Build.0 = Debug|Any CPU
		{60AC66DE-5D99-45E5-A16E-AAD7D7E8C59B}.Debug|ARM.ActiveCfg = Debug|Any CPU
		{60AC66DE-5D99-45E5-A16E-AAD7D7E8C59B}.Debug|ARM.Build.0 = Debug|Any CPU
		{60AC66DE-5D99-45E5-A16E-AAD7D7E8C59B}.Debug|ARM64.ActiveCfg = Debug|Any CPU
		{60AC66DE-5D99-45E5-A16E-AAD7D7E8C59B}.Debug|ARM64.Build.0 = Debug|Any CPU
		{60AC66DE-5D99-45E5-A16E-AAD7D7E8C59B}.Debug|x64.ActiveCfg = Debug|Any CPU
		{60AC66DE-5D99-45E5-A16E-AAD7D7E8C59B}.Debug|x64.Build.0 = Debug|Any CPU
		{60AC66DE-5D99-45E5-A16E-AAD7D7E8C59B}.Debug|x86.ActiveCfg = Debug|Any CPU
		{60AC66DE-5D99-45E5-A16E-AAD7D7E8C59B}.Debug|x86.Build.0 = Debug|Any CPU
		{60AC66DE-5D99-45E5-A16E-AAD7D7E8C59B}.Release|Any CPU.ActiveCfg = Release|Any CPU
		{60AC66DE-5D99-45E5-A16E-AAD7D7E8C59B}.Release|Any CPU.Build.0 = Release|Any CPU
		{60AC66DE-5D99-45E5-A16E-AAD7D7E8C59B}.Release|ARM.ActiveCfg = Release|Any CPU
		{60AC66DE-5D99-45E5-A16E-AAD7D7E8C59B}.Release|ARM.Build.0 = Release|Any CPU
		{60AC66DE-5D99-45E5-A16E-AAD7D7E8C59B}.Release|ARM64.ActiveCfg = Release|Any CPU
		{60AC66DE-5D99-45E5-A16E-AAD7D7E8C59B}.Release|ARM64.Build.0 = Release|Any CPU
		{60AC66DE-5D99-45E5-A16E-AAD7D7E8C59B}.Release|x64.ActiveCfg = Release|Any CPU
		{60AC66DE-5D99-45E5-A16E-AAD7D7E8C59B}.Release|x64.Build.0 = Release|Any CPU
		{60AC66DE-5D99-45E5-A16E-AAD7D7E8C59B}.Release|x86.ActiveCfg = Release|Any CPU
		{60AC66DE-5D99-45E5-A16E-AAD7D7E8C59B}.Release|x86.Build.0 = Release|Any CPU
		{C6233FA3-5951-4B72-96D6-BEB56A699716}.Debug|Any CPU.ActiveCfg = Debug|Any CPU
		{C6233FA3-5951-4B72-96D6-BEB56A699716}.Debug|Any CPU.Build.0 = Debug|Any CPU
		{C6233FA3-5951-4B72-96D6-BEB56A699716}.Debug|ARM.ActiveCfg = Debug|Any CPU
		{C6233FA3-5951-4B72-96D6-BEB56A699716}.Debug|ARM.Build.0 = Debug|Any CPU
		{C6233FA3-5951-4B72-96D6-BEB56A699716}.Debug|ARM64.ActiveCfg = Debug|Any CPU
		{C6233FA3-5951-4B72-96D6-BEB56A699716}.Debug|ARM64.Build.0 = Debug|Any CPU
		{C6233FA3-5951-4B72-96D6-BEB56A699716}.Debug|x64.ActiveCfg = Debug|Any CPU
		{C6233FA3-5951-4B72-96D6-BEB56A699716}.Debug|x64.Build.0 = Debug|Any CPU
		{C6233FA3-5951-4B72-96D6-BEB56A699716}.Debug|x86.ActiveCfg = Debug|Any CPU
		{C6233FA3-5951-4B72-96D6-BEB56A699716}.Debug|x86.Build.0 = Debug|Any CPU
		{C6233FA3-5951-4B72-96D6-BEB56A699716}.Release|Any CPU.ActiveCfg = Release|Any CPU
		{C6233FA3-5951-4B72-96D6-BEB56A699716}.Release|Any CPU.Build.0 = Release|Any CPU
		{C6233FA3-5951-4B72-96D6-BEB56A699716}.Release|ARM.ActiveCfg = Release|Any CPU
		{C6233FA3-5951-4B72-96D6-BEB56A699716}.Release|ARM.Build.0 = Release|Any CPU
		{C6233FA3-5951-4B72-96D6-BEB56A699716}.Release|ARM64.ActiveCfg = Release|Any CPU
		{C6233FA3-5951-4B72-96D6-BEB56A699716}.Release|ARM64.Build.0 = Release|Any CPU
		{C6233FA3-5951-4B72-96D6-BEB56A699716}.Release|x64.ActiveCfg = Release|Any CPU
		{C6233FA3-5951-4B72-96D6-BEB56A699716}.Release|x64.Build.0 = Release|Any CPU
		{C6233FA3-5951-4B72-96D6-BEB56A699716}.Release|x86.ActiveCfg = Release|Any CPU
		{C6233FA3-5951-4B72-96D6-BEB56A699716}.Release|x86.Build.0 = Release|Any CPU
		{B7B1484F-4DF8-4B2A-992F-EC62CAACE47D}.Debug|Any CPU.ActiveCfg = Debug|Any CPU
		{B7B1484F-4DF8-4B2A-992F-EC62CAACE47D}.Debug|Any CPU.Build.0 = Debug|Any CPU
		{B7B1484F-4DF8-4B2A-992F-EC62CAACE47D}.Debug|ARM.ActiveCfg = Debug|Any CPU
		{B7B1484F-4DF8-4B2A-992F-EC62CAACE47D}.Debug|ARM.Build.0 = Debug|Any CPU
		{B7B1484F-4DF8-4B2A-992F-EC62CAACE47D}.Debug|ARM64.ActiveCfg = Debug|Any CPU
		{B7B1484F-4DF8-4B2A-992F-EC62CAACE47D}.Debug|ARM64.Build.0 = Debug|Any CPU
		{B7B1484F-4DF8-4B2A-992F-EC62CAACE47D}.Debug|x64.ActiveCfg = Debug|Any CPU
		{B7B1484F-4DF8-4B2A-992F-EC62CAACE47D}.Debug|x64.Build.0 = Debug|Any CPU
		{B7B1484F-4DF8-4B2A-992F-EC62CAACE47D}.Debug|x86.ActiveCfg = Debug|Any CPU
		{B7B1484F-4DF8-4B2A-992F-EC62CAACE47D}.Debug|x86.Build.0 = Debug|Any CPU
		{B7B1484F-4DF8-4B2A-992F-EC62CAACE47D}.Release|Any CPU.ActiveCfg = Release|Any CPU
		{B7B1484F-4DF8-4B2A-992F-EC62CAACE47D}.Release|Any CPU.Build.0 = Release|Any CPU
		{B7B1484F-4DF8-4B2A-992F-EC62CAACE47D}.Release|ARM.ActiveCfg = Release|Any CPU
		{B7B1484F-4DF8-4B2A-992F-EC62CAACE47D}.Release|ARM.Build.0 = Release|Any CPU
		{B7B1484F-4DF8-4B2A-992F-EC62CAACE47D}.Release|ARM64.ActiveCfg = Release|Any CPU
		{B7B1484F-4DF8-4B2A-992F-EC62CAACE47D}.Release|ARM64.Build.0 = Release|Any CPU
		{B7B1484F-4DF8-4B2A-992F-EC62CAACE47D}.Release|x64.ActiveCfg = Release|Any CPU
		{B7B1484F-4DF8-4B2A-992F-EC62CAACE47D}.Release|x64.Build.0 = Release|Any CPU
		{B7B1484F-4DF8-4B2A-992F-EC62CAACE47D}.Release|x86.ActiveCfg = Release|Any CPU
		{B7B1484F-4DF8-4B2A-992F-EC62CAACE47D}.Release|x86.Build.0 = Release|Any CPU
		{4454EAD1-3BAD-44D5-AF0B-2942DF5633DA}.Debug|Any CPU.ActiveCfg = Debug|Any CPU
		{4454EAD1-3BAD-44D5-AF0B-2942DF5633DA}.Debug|Any CPU.Build.0 = Debug|Any CPU
		{4454EAD1-3BAD-44D5-AF0B-2942DF5633DA}.Debug|ARM.ActiveCfg = Debug|Any CPU
		{4454EAD1-3BAD-44D5-AF0B-2942DF5633DA}.Debug|ARM.Build.0 = Debug|Any CPU
		{4454EAD1-3BAD-44D5-AF0B-2942DF5633DA}.Debug|ARM64.ActiveCfg = Debug|Any CPU
		{4454EAD1-3BAD-44D5-AF0B-2942DF5633DA}.Debug|ARM64.Build.0 = Debug|Any CPU
		{4454EAD1-3BAD-44D5-AF0B-2942DF5633DA}.Debug|x64.ActiveCfg = Debug|Any CPU
		{4454EAD1-3BAD-44D5-AF0B-2942DF5633DA}.Debug|x64.Build.0 = Debug|Any CPU
		{4454EAD1-3BAD-44D5-AF0B-2942DF5633DA}.Debug|x86.ActiveCfg = Debug|Any CPU
		{4454EAD1-3BAD-44D5-AF0B-2942DF5633DA}.Debug|x86.Build.0 = Debug|Any CPU
		{4454EAD1-3BAD-44D5-AF0B-2942DF5633DA}.Release|Any CPU.ActiveCfg = Release|Any CPU
		{4454EAD1-3BAD-44D5-AF0B-2942DF5633DA}.Release|Any CPU.Build.0 = Release|Any CPU
		{4454EAD1-3BAD-44D5-AF0B-2942DF5633DA}.Release|ARM.ActiveCfg = Release|Any CPU
		{4454EAD1-3BAD-44D5-AF0B-2942DF5633DA}.Release|ARM.Build.0 = Release|Any CPU
		{4454EAD1-3BAD-44D5-AF0B-2942DF5633DA}.Release|ARM64.ActiveCfg = Release|Any CPU
		{4454EAD1-3BAD-44D5-AF0B-2942DF5633DA}.Release|ARM64.Build.0 = Release|Any CPU
		{4454EAD1-3BAD-44D5-AF0B-2942DF5633DA}.Release|x64.ActiveCfg = Release|Any CPU
		{4454EAD1-3BAD-44D5-AF0B-2942DF5633DA}.Release|x64.Build.0 = Release|Any CPU
		{4454EAD1-3BAD-44D5-AF0B-2942DF5633DA}.Release|x86.ActiveCfg = Release|Any CPU
		{4454EAD1-3BAD-44D5-AF0B-2942DF5633DA}.Release|x86.Build.0 = Release|Any CPU
	EndGlobalSection
	GlobalSection(SolutionProperties) = preSolution
		HideSolutionNode = FALSE
	EndGlobalSection
	GlobalSection(NestedProjects) = preSolution
		{D9FD09C3-5F8E-469D-BD2A-34DB21B00AC5} = {970475FE-BC9B-4EA4-A735-2929A649DD2F}
		{1DCED663-391B-4329-ACD9-AD855FC3155C} = {3EC5724A-174C-4926-902C-B0C0F457BC11}
		{009025C7-C4FB-4A7A-A24B-266BABD30747} = {3EC5724A-174C-4926-902C-B0C0F457BC11}
		{20B85E5A-4E38-4342-A347-C37399FD8ACD} = {18164FCB-BE9B-48F4-8336-48A31EEE181A}
		{60AC66DE-5D99-45E5-A16E-AAD7D7E8C59B} = {18164FCB-BE9B-48F4-8336-48A31EEE181A}
		{C6233FA3-5951-4B72-96D6-BEB56A699716} = {18164FCB-BE9B-48F4-8336-48A31EEE181A}
		{B7B1484F-4DF8-4B2A-992F-EC62CAACE47D} = {AA5FC16D-3D0A-4603-B130-159A21651588}
		{4454EAD1-3BAD-44D5-AF0B-2942DF5633DA} = {21562A1E-D291-429F-AB32-C1DC0A3CE16B}
	EndGlobalSection
	GlobalSection(ExtensibilityGlobals) = postSolution
		SolutionGuid = {A3172A18-EFA2-41AB-A312-AD728C79065B}
	EndGlobalSection
EndGlobal
